
Microsoft Visual Studio Solution File, Format Version 12.00
# Visual Studio Version 17
VisualStudioVersion = 17.3.32901.215
MinimumVisualStudioVersion = 10.0.40219.1
Project("{FAE04EC0-301F-11D3-BF4B-00C04F79EFBC}") = "WFADiafilm", "WFADiafilm\WFADiafilm.csproj", "{145750DB-4F62-4D37-B53E-BDDDDE298C9A}"
EndProject
Global
	GlobalSection(SolutionConfigurationPlatforms) = preSolution
		Debug|Any CPU = Debug|Any CPU
		Release|Any CPU = Release|Any CPU
	EndGlobalSection
	GlobalSection(ProjectConfigurationPlatforms) = postSolution
		{145750DB-4F62-4D37-B53E-BDDDDE298C9A}.Debug|Any CPU.ActiveCfg = Debug|Any CPU
		{145750DB-4F62-4D37-B53E-BDDDDE298C9A}.Debug|Any CPU.Build.0 = Debug|Any CPU
		{145750DB-4F62-4D37-B53E-BDDDDE298C9A}.Release|Any CPU.ActiveCfg = Release|Any CPU
		{145750DB-4F62-4D37-B53E-BDDDDE298C9A}.Release|Any CPU.Build.0 = Release|Any CPU
	EndGlobalSection
	GlobalSection(SolutionProperties) = preSolution
		HideSolutionNode = FALSE
	EndGlobalSection
	GlobalSection(ExtensibilityGlobals) = postSolution
		SolutionGuid = {F51960D2-D4CA-4D61-96BF-D67D1A58B797}
	EndGlobalSection
EndGlobal
